// !$*UTF8*$!
{
	archiveVersion = 1;
	classes = {
	};
	objectVersion = 46;
	objects = {

/* Begin PBXBuildFile section */
		E92DD43418B1BB8C0022AA22 /* Foundation.framework in Frameworks */ = {isa = PBXBuildFile; fileRef = E92DD43318B1BB8C0022AA22 /* Foundation.framework */; };
		E92DD43618B1BB8C0022AA22 /* CoreGraphics.framework in Frameworks */ = {isa = PBXBuildFile; fileRef = E92DD43518B1BB8C0022AA22 /* CoreGraphics.framework */; };
		E92DD43818B1BB8C0022AA22 /* UIKit.framework in Frameworks */ = {isa = PBXBuildFile; fileRef = E92DD43718B1BB8C0022AA22 /* UIKit.framework */; };
		E92DD43E18B1BB8C0022AA22 /* InfoPlist.strings in Resources */ = {isa = PBXBuildFile; fileRef = E92DD43C18B1BB8C0022AA22 /* InfoPlist.strings */; };
		E92DD44018B1BB8C0022AA22 /* main.m in Sources */ = {isa = PBXBuildFile; fileRef = E92DD43F18B1BB8C0022AA22 /* main.m */; };
		E92DD44418B1BB8C0022AA22 /* AppDelegate.m in Sources */ = {isa = PBXBuildFile; fileRef = E92DD44318B1BB8C0022AA22 /* AppDelegate.m */; };
		E92DD44718B1BB8C0022AA22 /* Main.storyboard in Resources */ = {isa = PBXBuildFile; fileRef = E92DD44518B1BB8C0022AA22 /* Main.storyboard */; };
		E92DD44A18B1BB8C0022AA22 /* ViewController.m in Sources */ = {isa = PBXBuildFile; fileRef = E92DD44918B1BB8C0022AA22 /* ViewController.m */; };
		E92DD44C18B1BB8C0022AA22 /* Images.xcassets in Resources */ = {isa = PBXBuildFile; fileRef = E92DD44B18B1BB8C0022AA22 /* Images.xcassets */; };
		E92DD45318B1BB8C0022AA22 /* XCTest.framework in Frameworks */ = {isa = PBXBuildFile; fileRef = E92DD45218B1BB8C0022AA22 /* XCTest.framework */; };
		E92DD45418B1BB8C0022AA22 /* Foundation.framework in Frameworks */ = {isa = PBXBuildFile; fileRef = E92DD43318B1BB8C0022AA22 /* Foundation.framework */; };
		E92DD45518B1BB8C0022AA22 /* UIKit.framework in Frameworks */ = {isa = PBXBuildFile; fileRef = E92DD43718B1BB8C0022AA22 /* UIKit.framework */; };
		E92DD45D18B1BB8C0022AA22 /* InfoPlist.strings in Resources */ = {isa = PBXBuildFile; fileRef = E92DD45B18B1BB8C0022AA22 /* InfoPlist.strings */; };
		E92DD45F18B1BB8C0022AA22 /* TravisTestTests.m in Sources */ = {isa = PBXBuildFile; fileRef = E92DD45E18B1BB8C0022AA22 /* TravisTestTests.m */; };
/* End PBXBuildFile section */

/* Begin PBXContainerItemProxy section */
		E92DD45618B1BB8C0022AA22 /* PBXContainerItemProxy */ = {
			isa = PBXContainerItemProxy;
			containerPortal = E92DD42818B1BB8C0022AA22 /* Project object */;
			proxyType = 1;
			remoteGlobalIDString = E92DD42F18B1BB8C0022AA22;
			remoteInfo = TravisTest;
		};
/* End PBXContainerItemProxy section */

/* Begin PBXFileReference section */
		E92DD43018B1BB8C0022AA22 /* TravisTest.app */ = {isa = PBXFileReference; explicitFileType = wrapper.application; includeInIndex = 0; path = TravisTest.app; sourceTree = BUILT_PRODUCTS_DIR; };
		E92DD43318B1BB8C0022AA22 /* Foundation.framework */ = {isa = PBXFileReference; lastKnownFileType = wrapper.framework; name = Foundation.framework; path = System/Library/Frameworks/Foundation.framework; sourceTree = SDKROOT; };
		E92DD43518B1BB8C0022AA22 /* CoreGraphics.framework */ = {isa = PBXFileReference; lastKnownFileType = wrapper.framework; name = CoreGraphics.framework; path = System/Library/Frameworks/CoreGraphics.framework; sourceTree = SDKROOT; };
		E92DD43718B1BB8C0022AA22 /* UIKit.framework */ = {isa = PBXFileReference; lastKnownFileType = wrapper.framework; name = UIKit.framework; path = System/Library/Frameworks/UIKit.framework; sourceTree = SDKROOT; };
		E92DD43B18B1BB8C0022AA22 /* TravisTest-Info.plist */ = {isa = PBXFileReference; lastKnownFileType = text.plist.xml; path = "TravisTest-Info.plist"; sourceTree = "<group>"; };
		E92DD43D18B1BB8C0022AA22 /* en */ = {isa = PBXFileReference; lastKnownFileType = text.plist.strings; name = en; path = en.lproj/InfoPlist.strings; sourceTree = "<group>"; };
		E92DD43F18B1BB8C0022AA22 /* main.m */ = {isa = PBXFileReference; lastKnownFileType = sourcecode.c.objc; path = main.m; sourceTree = "<group>"; };
		E92DD44118B1BB8C0022AA22 /* TravisTest-Prefix.pch */ = {isa = PBXFileReference; lastKnownFileType = sourcecode.c.h; path = "TravisTest-Prefix.pch"; sourceTree = "<group>"; };
		E92DD44218B1BB8C0022AA22 /* AppDelegate.h */ = {isa = PBXFileReference; lastKnownFileType = sourcecode.c.h; path = AppDelegate.h; sourceTree = "<group>"; };
		E92DD44318B1BB8C0022AA22 /* AppDelegate.m */ = {isa = PBXFileReference; lastKnownFileType = sourcecode.c.objc; path = AppDelegate.m; sourceTree = "<group>"; };
		E92DD44618B1BB8C0022AA22 /* Base */ = {isa = PBXFileReference; lastKnownFileType = file.storyboard; name = Base; path = Base.lproj/Main.storyboard; sourceTree = "<group>"; };
		E92DD44818B1BB8C0022AA22 /* ViewController.h */ = {isa = PBXFileReference; lastKnownFileType = sourcecode.c.h; path = ViewController.h; sourceTree = "<group>"; };
		E92DD44918B1BB8C0022AA22 /* ViewController.m */ = {isa = PBXFileReference; lastKnownFileType = sourcecode.c.objc; path = ViewController.m; sourceTree = "<group>"; };
		E92DD44B18B1BB8C0022AA22 /* Images.xcassets */ = {isa = PBXFileReference; lastKnownFileType = folder.assetcatalog; path = Images.xcassets; sourceTree = "<group>"; };
		E92DD45118B1BB8C0022AA22 /* TravisTestTests.xctest */ = {isa = PBXFileReference; explicitFileType = wrapper.cfbundle; includeInIndex = 0; path = TravisTestTests.xctest; sourceTree = BUILT_PRODUCTS_DIR; };
		E92DD45218B1BB8C0022AA22 /* XCTest.framework */ = {isa = PBXFileReference; lastKnownFileType = wrapper.framework; name = XCTest.framework; path = Library/Frameworks/XCTest.framework; sourceTree = DEVELOPER_DIR; };
		E92DD45A18B1BB8C0022AA22 /* TravisTestTests-Info.plist */ = {isa = PBXFileReference; lastKnownFileType = text.plist.xml; path = "TravisTestTests-Info.plist"; sourceTree = "<group>"; };
		E92DD45C18B1BB8C0022AA22 /* en */ = {isa = PBXFileReference; lastKnownFileType = text.plist.strings; name = en; path = en.lproj/InfoPlist.strings; sourceTree = "<group>"; };
		E92DD45E18B1BB8C0022AA22 /* TravisTestTests.m */ = {isa = PBXFileReference; lastKnownFileType = sourcecode.c.objc; path = TravisTestTests.m; sourceTree = "<group>"; };
/* End PBXFileReference section */

/* Begin PBXFrameworksBuildPhase section */
		E92DD42D18B1BB8C0022AA22 /* Frameworks */ = {
			isa = PBXFrameworksBuildPhase;
			buildActionMask = 2147483647;
			files = (
				E92DD43618B1BB8C0022AA22 /* CoreGraphics.framework in Frameworks */,
				E92DD43818B1BB8C0022AA22 /* UIKit.framework in Frameworks */,
				E92DD43418B1BB8C0022AA22 /* Foundation.framework in Frameworks */,
			);
			runOnlyForDeploymentPostprocessing = 0;
		};
		E92DD44E18B1BB8C0022AA22 /* Frameworks */ = {
			isa = PBXFrameworksBuildPhase;
			buildActionMask = 2147483647;
			files = (
				E92DD45318B1BB8C0022AA22 /* XCTest.framework in Frameworks */,
				E92DD45518B1BB8C0022AA22 /* UIKit.framework in Frameworks */,
				E92DD45418B1BB8C0022AA22 /* Foundation.framework in Frameworks */,
			);
			runOnlyForDeploymentPostprocessing = 0;
		};
/* End PBXFrameworksBuildPhase section */

/* Begin PBXGroup section */
		E92DD42718B1BB8C0022AA22 = {
			isa = PBXGroup;
			children = (
				E92DD43918B1BB8C0022AA22 /* TravisTest */,
				E92DD45818B1BB8C0022AA22 /* TravisTestTests */,
				E92DD43218B1BB8C0022AA22 /* Frameworks */,
				E92DD43118B1BB8C0022AA22 /* Products */,
			);
			sourceTree = "<group>";
		};
		E92DD43118B1BB8C0022AA22 /* Products */ = {
			isa = PBXGroup;
			children = (
				E92DD43018B1BB8C0022AA22 /* TravisTest.app */,
				E92DD45118B1BB8C0022AA22 /* TravisTestTests.xctest */,
			);
			name = Products;
			sourceTree = "<group>";
		};
		E92DD43218B1BB8C0022AA22 /* Frameworks */ = {
			isa = PBXGroup;
			children = (
				E92DD43318B1BB8C0022AA22 /* Foundation.framework */,
				E92DD43518B1BB8C0022AA22 /* CoreGraphics.framework */,
				E92DD43718B1BB8C0022AA22 /* UIKit.framework */,
				E92DD45218B1BB8C0022AA22 /* XCTest.framework */,
			);
			name = Frameworks;
			sourceTree = "<group>";
		};
		E92DD43918B1BB8C0022AA22 /* TravisTest */ = {
			isa = PBXGroup;
			children = (
				E92DD44218B1BB8C0022AA22 /* AppDelegate.h */,
				E92DD44318B1BB8C0022AA22 /* AppDelegate.m */,
				E92DD44518B1BB8C0022AA22 /* Main.storyboard */,
				E92DD44818B1BB8C0022AA22 /* ViewController.h */,
				E92DD44918B1BB8C0022AA22 /* ViewController.m */,
				E92DD44B18B1BB8C0022AA22 /* Images.xcassets */,
				E92DD43A18B1BB8C0022AA22 /* Supporting Files */,
			);
			path = TravisTest;
			sourceTree = "<group>";
		};
		E92DD43A18B1BB8C0022AA22 /* Supporting Files */ = {
			isa = PBXGroup;
			children = (
				E92DD43B18B1BB8C0022AA22 /* TravisTest-Info.plist */,
				E92DD43C18B1BB8C0022AA22 /* InfoPlist.strings */,
				E92DD43F18B1BB8C0022AA22 /* main.m */,
				E92DD44118B1BB8C0022AA22 /* TravisTest-Prefix.pch */,
			);
			name = "Supporting Files";
			sourceTree = "<group>";
		};
		E92DD45818B1BB8C0022AA22 /* TravisTestTests */ = {
			isa = PBXGroup;
			children = (
				E92DD45E18B1BB8C0022AA22 /* TravisTestTests.m */,
				E92DD45918B1BB8C0022AA22 /* Supporting Files */,
			);
			path = TravisTestTests;
			sourceTree = "<group>";
		};
		E92DD45918B1BB8C0022AA22 /* Supporting Files */ = {
			isa = PBXGroup;
			children = (
				E92DD45A18B1BB8C0022AA22 /* TravisTestTests-Info.plist */,
				E92DD45B18B1BB8C0022AA22 /* InfoPlist.strings */,
			);
			name = "Supporting Files";
			sourceTree = "<group>";
		};
/* End PBXGroup section */

/* Begin PBXNativeTarget section */
		E92DD42F18B1BB8C0022AA22 /* TravisTest */ = {
			isa = PBXNativeTarget;
			buildConfigurationList = E92DD46218B1BB8C0022AA22 /* Build configuration list for PBXNativeTarget "TravisTest" */;
			buildPhases = (
				E92DD42C18B1BB8C0022AA22 /* Sources */,
				E92DD42D18B1BB8C0022AA22 /* Frameworks */,
				E92DD42E18B1BB8C0022AA22 /* Resources */,
			);
			buildRules = (
			);
			dependencies = (
			);
			name = TravisTest;
			productName = TravisTest;
			productReference = E92DD43018B1BB8C0022AA22 /* TravisTest.app */;
			productType = "com.apple.product-type.application";
		};
		E92DD45018B1BB8C0022AA22 /* TravisTestTests */ = {
			isa = PBXNativeTarget;
			buildConfigurationList = E92DD46518B1BB8C0022AA22 /* Build configuration list for PBXNativeTarget "TravisTestTests" */;
			buildPhases = (
				E92DD44D18B1BB8C0022AA22 /* Sources */,
				E92DD44E18B1BB8C0022AA22 /* Frameworks */,
				E92DD44F18B1BB8C0022AA22 /* Resources */,
			);
			buildRules = (
			);
			dependencies = (
				E92DD45718B1BB8C0022AA22 /* PBXTargetDependency */,
			);
			name = TravisTestTests;
			productName = TravisTestTests;
			productReference = E92DD45118B1BB8C0022AA22 /* TravisTestTests.xctest */;
			productType = "com.apple.product-type.bundle.unit-test";
		};
/* End PBXNativeTarget section */

/* Begin PBXProject section */
		E92DD42818B1BB8C0022AA22 /* Project object */ = {
			isa = PBXProject;
			attributes = {
				LastUpgradeCheck = 0500;
				ORGANIZATIONNAME = kokoro;
				TargetAttributes = {
					E92DD45018B1BB8C0022AA22 = {
						TestTargetID = E92DD42F18B1BB8C0022AA22;
					};
				};
			};
			buildConfigurationList = E92DD42B18B1BB8C0022AA22 /* Build configuration list for PBXProject "TravisTest" */;
			compatibilityVersion = "Xcode 3.2";
			developmentRegion = English;
			hasScannedForEncodings = 0;
			knownRegions = (
				en,
				Base,
			);
			mainGroup = E92DD42718B1BB8C0022AA22;
			productRefGroup = E92DD43118B1BB8C0022AA22 /* Products */;
			projectDirPath = "";
			projectRoot = "";
			targets = (
				E92DD42F18B1BB8C0022AA22 /* TravisTest */,
				E92DD45018B1BB8C0022AA22 /* TravisTestTests */,
			);
		};
/* End PBXProject section */

/* Begin PBXResourcesBuildPhase section */
		E92DD42E18B1BB8C0022AA22 /* Resources */ = {
			isa = PBXResourcesBuildPhase;
			buildActionMask = 2147483647;
			files = (
				E92DD44C18B1BB8C0022AA22 /* Images.xcassets in Resources */,
				E92DD43E18B1BB8C0022AA22 /* InfoPlist.strings in Resources */,
				E92DD44718B1BB8C0022AA22 /* Main.storyboard in Resources */,
			);
			runOnlyForDeploymentPostprocessing = 0;
		};
		E92DD44F18B1BB8C0022AA22 /* Resources */ = {
			isa = PBXResourcesBuildPhase;
			buildActionMask = 2147483647;
			files = (
				E92DD45D18B1BB8C0022AA22 /* InfoPlist.strings in Resources */,
			);
			runOnlyForDeploymentPostprocessing = 0;
		};
/* End PBXResourcesBuildPhase section */

/* Begin PBXSourcesBuildPhase section */
		E92DD42C18B1BB8C0022AA22 /* Sources */ = {
			isa = PBXSourcesBuildPhase;
			buildActionMask = 2147483647;
			files = (
				E92DD44A18B1BB8C0022AA22 /* ViewController.m in Sources */,
				E92DD44418B1BB8C0022AA22 /* AppDelegate.m in Sources */,
				E92DD44018B1BB8C0022AA22 /* main.m in Sources */,
			);
			runOnlyForDeploymentPostprocessing = 0;
		};
		E92DD44D18B1BB8C0022AA22 /* Sources */ = {
			isa = PBXSourcesBuildPhase;
			buildActionMask = 2147483647;
			files = (
				E92DD45F18B1BB8C0022AA22 /* TravisTestTests.m in Sources */,
			);
			runOnlyForDeploymentPostprocessing = 0;
		};
/* End PBXSourcesBuildPhase section */

/* Begin PBXTargetDependency section */
		E92DD45718B1BB8C0022AA22 /* PBXTargetDependency */ = {
			isa = PBXTargetDependency;
			target = E92DD42F18B1BB8C0022AA22 /* TravisTest */;
			targetProxy = E92DD45618B1BB8C0022AA22 /* PBXContainerItemProxy */;
		};
/* End PBXTargetDependency section */

/* Begin PBXVariantGroup section */
		E92DD43C18B1BB8C0022AA22 /* InfoPlist.strings */ = {
			isa = PBXVariantGroup;
			children = (
				E92DD43D18B1BB8C0022AA22 /* en */,
			);
			name = InfoPlist.strings;
			sourceTree = "<group>";
		};
		E92DD44518B1BB8C0022AA22 /* Main.storyboard */ = {
			isa = PBXVariantGroup;
			children = (
				E92DD44618B1BB8C0022AA22 /* Base */,
			);
			name = Main.storyboard;
			sourceTree = "<group>";
		};
		E92DD45B18B1BB8C0022AA22 /* InfoPlist.strings */ = {
			isa = PBXVariantGroup;
			children = (
				E92DD45C18B1BB8C0022AA22 /* en */,
			);
			name = InfoPlist.strings;
			sourceTree = "<group>";
		};
/* End PBXVariantGroup section */

/* Begin XCBuildConfiguration section */
		E92DD46018B1BB8C0022AA22 /* Debug */ = {
			isa = XCBuildConfiguration;
			buildSettings = {
				ALWAYS_SEARCH_USER_PATHS = NO;
				ARCHS = "$(ARCHS_STANDARD_INCLUDING_64_BIT)";
				CLANG_CXX_LANGUAGE_STANDARD = "gnu++0x";
				CLANG_CXX_LIBRARY = "libc++";
				CLANG_ENABLE_MODULES = YES;
				CLANG_ENABLE_OBJC_ARC = YES;
				CLANG_WARN_BOOL_CONVERSION = YES;
				CLANG_WARN_CONSTANT_CONVERSION = YES;
				CLANG_WARN_DIRECT_OBJC_ISA_USAGE = YES_ERROR;
				CLANG_WARN_EMPTY_BODY = YES;
				CLANG_WARN_ENUM_CONVERSION = YES;
				CLANG_WARN_INT_CONVERSION = YES;
				CLANG_WARN_OBJC_ROOT_CLASS = YES_ERROR;
				CLANG_WARN__DUPLICATE_METHOD_MATCH = YES;
				"CODE_SIGN_IDENTITY[sdk=iphoneos*]" = "iPhone Developer";
				COPY_PHASE_STRIP = NO;
				GCC_C_LANGUAGE_STANDARD = gnu99;
				GCC_DYNAMIC_NO_PIC = NO;
				GCC_OPTIMIZATION_LEVEL = 0;
				GCC_PREPROCESSOR_DEFINITIONS = (
					"DEBUG=1",
					"$(inherited)",
				);
				GCC_SYMBOLS_PRIVATE_EXTERN = NO;
				GCC_WARN_64_TO_32_BIT_CONVERSION = YES;
				GCC_WARN_ABOUT_RETURN_TYPE = YES_ERROR;
				GCC_WARN_UNDECLARED_SELECTOR = YES;
				GCC_WARN_UNINITIALIZED_AUTOS = YES;
				GCC_WARN_UNUSED_FUNCTION = YES;
				GCC_WARN_UNUSED_VARIABLE = YES;
				IPHONEOS_DEPLOYMENT_TARGET = 7.0;
				ONLY_ACTIVE_ARCH = YES;
				SDKROOT = iphoneos;
			};
			name = Debug;
		};
		E92DD46118B1BB8C0022AA22 /* Release */ = {
			isa = XCBuildConfiguration;
			buildSettings = {
				ALWAYS_SEARCH_USER_PATHS = NO;
				ARCHS = "$(ARCHS_STANDARD_INCLUDING_64_BIT)";
				CLANG_CXX_LANGUAGE_STANDARD = "gnu++0x";
				CLANG_CXX_LIBRARY = "libc++";
				CLANG_ENABLE_MODULES = YES;
				CLANG_ENABLE_OBJC_ARC = YES;
				CLANG_WARN_BOOL_CONVERSION = YES;
				CLANG_WARN_CONSTANT_CONVERSION = YES;
				CLANG_WARN_DIRECT_OBJC_ISA_USAGE = YES_ERROR;
				CLANG_WARN_EMPTY_BODY = YES;
				CLANG_WARN_ENUM_CONVERSION = YES;
				CLANG_WARN_INT_CONVERSION = YES;
				CLANG_WARN_OBJC_ROOT_CLASS = YES_ERROR;
				CLANG_WARN__DUPLICATE_METHOD_MATCH = YES;
				"CODE_SIGN_IDENTITY[sdk=iphoneos*]" = "iPhone Developer";
				COPY_PHASE_STRIP = YES;
				ENABLE_NS_ASSERTIONS = NO;
				GCC_C_LANGUAGE_STANDARD = gnu99;
				GCC_WARN_64_TO_32_BIT_CONVERSION = YES;
				GCC_WARN_ABOUT_RETURN_TYPE = YES_ERROR;
				GCC_WARN_UNDECLARED_SELECTOR = YES;
				GCC_WARN_UNINITIALIZED_AUTOS = YES;
				GCC_WARN_UNUSED_FUNCTION = YES;
				GCC_WARN_UNUSED_VARIABLE = YES;
				IPHONEOS_DEPLOYMENT_TARGET = 7.0;
				SDKROOT = iphoneos;
				VALIDATE_PRODUCT = YES;
			};
			name = Release;
		};
		E92DD46318B1BB8C0022AA22 /* Debug */ = {
			isa = XCBuildConfiguration;
			buildSettings = {
				ASSETCATALOG_COMPILER_APPICON_NAME = AppIcon;
				ASSETCATALOG_COMPILER_LAUNCHIMAGE_NAME = LaunchImage;
				GCC_PRECOMPILE_PREFIX_HEADER = YES;
				GCC_PREFIX_HEADER = "TravisTest/TravisTest-Prefix.pch";
				INFOPLIST_FILE = "TravisTest/TravisTest-Info.plist";
				PRODUCT_NAME = "$(TARGET_NAME)";
				WRAPPER_EXTENSION = app;
			};
			name = Debug;
		};
		E92DD46418B1BB8C0022AA22 /* Release */ = {
			isa = XCBuildConfiguration;
			buildSettings = {
				ASSETCATALOG_COMPILER_APPICON_NAME = AppIcon;
				ASSETCATALOG_COMPILER_LAUNCHIMAGE_NAME = LaunchImage;
				GCC_PRECOMPILE_PREFIX_HEADER = YES;
				GCC_PREFIX_HEADER = "TravisTest/TravisTest-Prefix.pch";
				INFOPLIST_FILE = "TravisTest/TravisTest-Info.plist";
				PRODUCT_NAME = "$(TARGET_NAME)";
				WRAPPER_EXTENSION = app;
			};
			name = Release;
		};
		E92DD46618B1BB8C0022AA22 /* Debug */ = {
			isa = XCBuildConfiguration;
			buildSettings = {
				ARCHS = "$(ARCHS_STANDARD_INCLUDING_64_BIT)";
				BUNDLE_LOADER = "$(BUILT_PRODUCTS_DIR)/TravisTest.app/TravisTest";
				FRAMEWORK_SEARCH_PATHS = (
					"$(SDKROOT)/Developer/Library/Frameworks",
					"$(inherited)",
					"$(DEVELOPER_FRAMEWORKS_DIR)",
				);
				GCC_PRECOMPILE_PREFIX_HEADER = YES;
				GCC_PREFIX_HEADER = "TravisTest/TravisTest-Prefix.pch";
				GCC_PREPROCESSOR_DEFINITIONS = (
					"DEBUG=1",
					"$(inherited)",
				);
				INFOPLIST_FILE = "TravisTestTests/TravisTestTests-Info.plist";
				PRODUCT_NAME = "$(TARGET_NAME)";
				TEST_HOST = "$(BUNDLE_LOADER)";
				WRAPPER_EXTENSION = xctest;
			};
			name = Debug;
		};
		E92DD46718B1BB8C0022AA22 /* Release */ = {
			isa = XCBuildConfiguration;
			buildSettings = {
				ARCHS = "$(ARCHS_STANDARD_INCLUDING_64_BIT)";
				BUNDLE_LOADER = "$(BUILT_PRODUCTS_DIR)/TravisTest.app/TravisTest";
				FRAMEWORK_SEARCH_PATHS = (
					"$(SDKROOT)/Developer/Library/Frameworks",
					"$(inherited)",
					"$(DEVELOPER_FRAMEWORKS_DIR)",
				);
				GCC_PRECOMPILE_PREFIX_HEADER = YES;
				GCC_PREFIX_HEADER = "TravisTest/TravisTest-Prefix.pch";
				INFOPLIST_FILE = "TravisTestTests/TravisTestTests-Info.plist";
				PRODUCT_NAME = "$(TARGET_NAME)";
				TEST_HOST = "$(BUNDLE_LOADER)";
				WRAPPER_EXTENSION = xctest;
			};
			name = Release;
		};
/* End XCBuildConfiguration section */

/* Begin XCConfigurationList section */
		E92DD42B18B1BB8C0022AA22 /* Build configuration list for PBXProject "TravisTest" */ = {
			isa = XCConfigurationList;
			buildConfigurations = (
				E92DD46018B1BB8C0022AA22 /* Debug */,
				E92DD46118B1BB8C0022AA22 /* Release */,
			);
			defaultConfigurationIsVisible = 0;
			defaultConfigurationName = Release;
		};
		E92DD46218B1BB8C0022AA22 /* Build configuration list for PBXNativeTarget "TravisTest" */ = {
			isa = XCConfigurationList;
			buildConfigurations = (
				E92DD46318B1BB8C0022AA22 /* Debug */,
				E92DD46418B1BB8C0022AA22 /* Release */,
			);
			defaultConfigurationIsVisible = 0;
		};
		E92DD46518B1BB8C0022AA22 /* Build configuration list for PBXNativeTarget "TravisTestTests" */ = {
			isa = XCConfigurationList;
			buildConfigurations = (
				E92DD46618B1BB8C0022AA22 /* Debug */,
				E92DD46718B1BB8C0022AA22 /* Release */,
			);
			defaultConfigurationIsVisible = 0;
		};
/* End XCConfigurationList section */
	};
	rootObject = E92DD42818B1BB8C0022AA22 /* Project object */;
}
